
Microsoft Visual Studio Solution File, Format Version 12.00
# Visual Studio Version 16
VisualStudioVersion = 16.0.31129.286
MinimumVisualStudioVersion = 10.0.40219.1
Project("{9A19103F-16F7-4668-BE54-9A1E7A4F7556}") = "rose", "rose.csproj", "{E973E261-D67F-493D-A957-CCAC6BF94726}"
EndProject
Global
	GlobalSection(SolutionConfigurationPlatforms) = preSolution
		Debug|Any CPU = Debug|Any CPU
		Release|Any CPU = Release|Any CPU
	EndGlobalSection
	GlobalSection(ProjectConfigurationPlatforms) = postSolution
		{E973E261-D67F-493D-A957-CCAC6BF94726}.Debug|Any CPU.ActiveCfg = Debug|Any CPU
		{E973E261-D67F-493D-A957-CCAC6BF94726}.Debug|Any CPU.Build.0 = Debug|Any CPU
		{E973E261-D67F-493D-A957-CCAC6BF94726}.Release|Any CPU.ActiveCfg = Release|Any CPU
		{E973E261-D67F-493D-A957-CCAC6BF94726}.Release|Any CPU.Build.0 = Release|Any CPU
	EndGlobalSection
	GlobalSection(SolutionProperties) = preSolution
		HideSolutionNode = FALSE
	EndGlobalSection
	GlobalSection(ExtensibilityGlobals) = postSolution
		SolutionGuid = {7E677CF1-7CFD-4900-B41E-5729495BF6BA}
	EndGlobalSection
EndGlobal
